# This file is autogenerated, do not edit; changes may be undone by the next 'dep ensure'.


[[projects]]
  name = "golang.org/x/net"
  packages = ["proxy"]
  revision = "6078986fec03a1dcc236c34816c71b0e05018fda"

[solve-meta]
  analyzer-name = "dep"
  analyzer-version = 1
  inputs-digest = "a7d85fb637cc1d2dfa7c2dd7e06f54ac8edeafd050a0019d88541e87b639d2c5"
  solver-name = "gps-cdcl"
  solver-version = 1
